
Microsoft Visual Studio Solution File, Format Version 11.00
# Visual Studio 2010
Project("{FAE04EC0-301F-11D3-BF4B-00C04F79EFBC}") = "AstarPathfindingProject", "AstarPathfindingProject.csproj", "{443B8664-9D41-BE13-E119-BD2B2338916E}"
EndProject
Project("{FAE04EC0-301F-11D3-BF4B-00C04F79EFBC}") = "Assembly-CSharp", "Assembly-CSharp.csproj", "{1B700C57-D367-5B09-FF7D-12C12A492E78}"
EndProject
Project("{FAE04EC0-301F-11D3-BF4B-00C04F79EFBC}") = "AstarPathfindingProjectEditor", "AstarPathfindingProjectEditor.csproj", "{71B253B8-BC42-8B36-6E3B-0359A565BA72}"
EndProject
Project("{FAE04EC0-301F-11D3-BF4B-00C04F79EFBC}") = "PackageToolsEditor", "PackageToolsEditor.csproj", "{59AA120B-C63F-0891-9A45-28DC8330D04F}"
EndProject
Global
	GlobalSection(SolutionConfigurationPlatforms) = preSolution
		Debug|Any CPU = Debug|Any CPU
		Release|Any CPU = Release|Any CPU
	EndGlobalSection
	GlobalSection(ProjectConfigurationPlatforms) = postSolution
		{443B8664-9D41-BE13-E119-BD2B2338916E}.Debug|Any CPU.ActiveCfg = Debug|Any CPU
		{443B8664-9D41-BE13-E119-BD2B2338916E}.Debug|Any CPU.Build.0 = Debug|Any CPU
		{443B8664-9D41-BE13-E119-BD2B2338916E}.Release|Any CPU.ActiveCfg = Release|Any CPU
		{443B8664-9D41-BE13-E119-BD2B2338916E}.Release|Any CPU.Build.0 = Release|Any CPU
		{1B700C57-D367-5B09-FF7D-12C12A492E78}.Debug|Any CPU.ActiveCfg = Debug|Any CPU
		{1B700C57-D367-5B09-FF7D-12C12A492E78}.Debug|Any CPU.Build.0 = Debug|Any CPU
		{1B700C57-D367-5B09-FF7D-12C12A492E78}.Release|Any CPU.ActiveCfg = Release|Any CPU
		{1B700C57-D367-5B09-FF7D-12C12A492E78}.Release|Any CPU.Build.0 = Release|Any CPU
		{71B253B8-BC42-8B36-6E3B-0359A565BA72}.Debug|Any CPU.ActiveCfg = Debug|Any CPU
		{71B253B8-BC42-8B36-6E3B-0359A565BA72}.Debug|Any CPU.Build.0 = Debug|Any CPU
		{71B253B8-BC42-8B36-6E3B-0359A565BA72}.Release|Any CPU.ActiveCfg = Release|Any CPU
		{71B253B8-BC42-8B36-6E3B-0359A565BA72}.Release|Any CPU.Build.0 = Release|Any CPU
		{59AA120B-C63F-0891-9A45-28DC8330D04F}.Debug|Any CPU.ActiveCfg = Debug|Any CPU
		{59AA120B-C63F-0891-9A45-28DC8330D04F}.Debug|Any CPU.Build.0 = Debug|Any CPU
		{59AA120B-C63F-0891-9A45-28DC8330D04F}.Release|Any CPU.ActiveCfg = Release|Any CPU
		{59AA120B-C63F-0891-9A45-28DC8330D04F}.Release|Any CPU.Build.0 = Release|Any CPU
	EndGlobalSection
	GlobalSection(SolutionProperties) = preSolution
		HideSolutionNode = FALSE
	EndGlobalSection
EndGlobal
